// !$*UTF8*$!
{
	archiveVersion = 1;
	classes = {
	};
	objectVersion = 56;
	objects = {

/* Begin PBXBuildFile section */
		A56C903F2B197B85000E5E2C /* AppDelegate.swift in Sources */ = {isa = PBXBuildFile; fileRef = A56C903E2B197B85000E5E2C /* AppDelegate.swift */; };
		A56C90412B197B85000E5E2C /* SceneDelegate.swift in Sources */ = {isa = PBXBuildFile; fileRef = A56C90402B197B85000E5E2C /* SceneDelegate.swift */; };
		A56C90432B197B85000E5E2C /* ViewController.swift in Sources */ = {isa = PBXBuildFile; fileRef = A56C90422B197B85000E5E2C /* ViewController.swift */; };
		A56C90482B197B86000E5E2C /* Assets.xcassets in Resources */ = {isa = PBXBuildFile; fileRef = A56C90472B197B86000E5E2C /* Assets.xcassets */; };
		A56C904B2B197B86000E5E2C /* LaunchScreen.storyboard in Resources */ = {isa = PBXBuildFile; fileRef = A56C90492B197B86000E5E2C /* LaunchScreen.storyboard */; };
		A56C90592B197DCA000E5E2C /* Network.swift in Sources */ = {isa = PBXBuildFile; fileRef = A56C90582B197DCA000E5E2C /* Network.swift */; };
		A56C905B2B198060000E5E2C /* NetworkModel.swift in Sources */ = {isa = PBXBuildFile; fileRef = A56C905A2B198060000E5E2C /* NetworkModel.swift */; };
		F7A5BE98C51B71370E6F294F /* Pods_DimzPokeDex.framework in Frameworks */ = {isa = PBXBuildFile; fileRef = 4A644F32B1A6C1C2C014D446 /* Pods_DimzPokeDex.framework */; };
/* End PBXBuildFile section */

/* Begin PBXFileReference section */
		237C0A0D9E0148FDFEE8FE6F /* Pods-DimzPokeDex.debug.xcconfig */ = {isa = PBXFileReference; includeInIndex = 1; lastKnownFileType = text.xcconfig; name = "Pods-DimzPokeDex.debug.xcconfig"; path = "Target Support Files/Pods-DimzPokeDex/Pods-DimzPokeDex.debug.xcconfig"; sourceTree = "<group>"; };
		4A644F32B1A6C1C2C014D446 /* Pods_DimzPokeDex.framework */ = {isa = PBXFileReference; explicitFileType = wrapper.framework; includeInIndex = 0; path = Pods_DimzPokeDex.framework; sourceTree = BUILT_PRODUCTS_DIR; };
		A56C903B2B197B85000E5E2C /* DimzPokeDex.app */ = {isa = PBXFileReference; explicitFileType = wrapper.application; includeInIndex = 0; path = DimzPokeDex.app; sourceTree = BUILT_PRODUCTS_DIR; };
		A56C903E2B197B85000E5E2C /* AppDelegate.swift */ = {isa = PBXFileReference; lastKnownFileType = sourcecode.swift; path = AppDelegate.swift; sourceTree = "<group>"; };
		A56C90402B197B85000E5E2C /* SceneDelegate.swift */ = {isa = PBXFileReference; lastKnownFileType = sourcecode.swift; path = SceneDelegate.swift; sourceTree = "<group>"; };
		A56C90422B197B85000E5E2C /* ViewController.swift */ = {isa = PBXFileReference; lastKnownFileType = sourcecode.swift; path = ViewController.swift; sourceTree = "<group>"; };
		A56C90472B197B86000E5E2C /* Assets.xcassets */ = {isa = PBXFileReference; lastKnownFileType = folder.assetcatalog; path = Assets.xcassets; sourceTree = "<group>"; };
		A56C904A2B197B86000E5E2C /* Base */ = {isa = PBXFileReference; lastKnownFileType = file.storyboard; name = Base; path = Base.lproj/LaunchScreen.storyboard; sourceTree = "<group>"; };
		A56C904C2B197B86000E5E2C /* Info.plist */ = {isa = PBXFileReference; lastKnownFileType = text.plist.xml; path = Info.plist; sourceTree = "<group>"; };
		A56C90582B197DCA000E5E2C /* Network.swift */ = {isa = PBXFileReference; lastKnownFileType = sourcecode.swift; path = Network.swift; sourceTree = "<group>"; };
		A56C905A2B198060000E5E2C /* NetworkModel.swift */ = {isa = PBXFileReference; lastKnownFileType = sourcecode.swift; path = NetworkModel.swift; sourceTree = "<group>"; };
		C7F79554554154F3DACD0C06 /* Pods-DimzPokeDex.release.xcconfig */ = {isa = PBXFileReference; includeInIndex = 1; lastKnownFileType = text.xcconfig; name = "Pods-DimzPokeDex.release.xcconfig"; path = "Target Support Files/Pods-DimzPokeDex/Pods-DimzPokeDex.release.xcconfig"; sourceTree = "<group>"; };
/* End PBXFileReference section */

/* Begin PBXFrameworksBuildPhase section */
		A56C90382B197B85000E5E2C /* Frameworks */ = {
			isa = PBXFrameworksBuildPhase;
			buildActionMask = 2147483647;
			files = (
				F7A5BE98C51B71370E6F294F /* Pods_DimzPokeDex.framework in Frameworks */,
			);
			runOnlyForDeploymentPostprocessing = 0;
		};
/* End PBXFrameworksBuildPhase section */

/* Begin PBXGroup section */
		A56C90322B197B85000E5E2C = {
			isa = PBXGroup;
			children = (
				A56C903D2B197B85000E5E2C /* DimzPokeDex */,
				A56C903C2B197B85000E5E2C /* Products */,
				EDC94029298AE19E4024E746 /* Pods */,
				C59A5744440A42812ADFF42D /* Frameworks */,
			);
			sourceTree = "<group>";
		};
		A56C903C2B197B85000E5E2C /* Products */ = {
			isa = PBXGroup;
			children = (
				A56C903B2B197B85000E5E2C /* DimzPokeDex.app */,
			);
			name = Products;
			sourceTree = "<group>";
		};
		A56C903D2B197B85000E5E2C /* DimzPokeDex */ = {
			isa = PBXGroup;
			children = (
				A56C90532B197B9F000E5E2C /* Src */,
				A56C90522B197B8C000E5E2C /* Networking */,
				A56C90572B197DA8000E5E2C /* Helper */,
				A56C903E2B197B85000E5E2C /* AppDelegate.swift */,
				A56C90402B197B85000E5E2C /* SceneDelegate.swift */,
				A56C90472B197B86000E5E2C /* Assets.xcassets */,
				A56C90492B197B86000E5E2C /* LaunchScreen.storyboard */,
				A56C904C2B197B86000E5E2C /* Info.plist */,
			);
			path = DimzPokeDex;
			sourceTree = "<group>";
		};
		A56C90522B197B8C000E5E2C /* Networking */ = {
			isa = PBXGroup;
			children = (
				A56C90582B197DCA000E5E2C /* Network.swift */,
				A56C905A2B198060000E5E2C /* NetworkModel.swift */,
			);
			path = Networking;
			sourceTree = "<group>";
		};
		A56C90532B197B9F000E5E2C /* Src */ = {
			isa = PBXGroup;
			children = (
				A56C90562B197D91000E5E2C /* Model */,
				A56C90552B197C67000E5E2C /* ViewModel */,
				A56C90542B197C62000E5E2C /* View */,
				A56C90422B197B85000E5E2C /* ViewController.swift */,
			);
			path = Src;
			sourceTree = "<group>";
		};
		A56C90542B197C62000E5E2C /* View */ = {
			isa = PBXGroup;
			children = (
			);
			path = View;
			sourceTree = "<group>";
		};
		A56C90552B197C67000E5E2C /* ViewModel */ = {
			isa = PBXGroup;
			children = (
			);
			path = ViewModel;
			sourceTree = "<group>";
		};
		A56C90562B197D91000E5E2C /* Model */ = {
			isa = PBXGroup;
			children = (
			);
			path = Model;
			sourceTree = "<group>";
		};
		A56C90572B197DA8000E5E2C /* Helper */ = {
			isa = PBXGroup;
			children = (
			);
			path = Helper;
			sourceTree = "<group>";
		};
		C59A5744440A42812ADFF42D /* Frameworks */ = {
			isa = PBXGroup;
			children = (
				4A644F32B1A6C1C2C014D446 /* Pods_DimzPokeDex.framework */,
			);
			name = Frameworks;
			sourceTree = "<group>";
		};
		EDC94029298AE19E4024E746 /* Pods */ = {
			isa = PBXGroup;
			children = (
				237C0A0D9E0148FDFEE8FE6F /* Pods-DimzPokeDex.debug.xcconfig */,
				C7F79554554154F3DACD0C06 /* Pods-DimzPokeDex.release.xcconfig */,
			);
			path = Pods;
			sourceTree = "<group>";
		};
/* End PBXGroup section */

/* Begin PBXNativeTarget section */
		A56C903A2B197B85000E5E2C /* DimzPokeDex */ = {
			isa = PBXNativeTarget;
			buildConfigurationList = A56C904F2B197B86000E5E2C /* Build configuration list for PBXNativeTarget "DimzPokeDex" */;
			buildPhases = (
				F0C8A2D45D288FBECBC641F3 /* [CP] Check Pods Manifest.lock */,
				A56C90372B197B85000E5E2C /* Sources */,
				A56C90382B197B85000E5E2C /* Frameworks */,
				A56C90392B197B85000E5E2C /* Resources */,
				9B550A7A74D8C808F1348F1C /* [CP] Embed Pods Frameworks */,
			);
			buildRules = (
			);
			dependencies = (
			);
			name = DimzPokeDex;
			productName = DimzPokeDex;
			productReference = A56C903B2B197B85000E5E2C /* DimzPokeDex.app */;
			productType = "com.apple.product-type.application";
		};
/* End PBXNativeTarget section */

/* Begin PBXProject section */
		A56C90332B197B85000E5E2C /* Project object */ = {
			isa = PBXProject;
			attributes = {
				BuildIndependentTargetsInParallel = 1;
				LastSwiftUpdateCheck = 1500;
				LastUpgradeCheck = 1500;
				TargetAttributes = {
					A56C903A2B197B85000E5E2C = {
						CreatedOnToolsVersion = 15.0.1;
					};
				};
			};
			buildConfigurationList = A56C90362B197B85000E5E2C /* Build configuration list for PBXProject "DimzPokeDex" */;
			compatibilityVersion = "Xcode 14.0";
			developmentRegion = en;
			hasScannedForEncodings = 0;
			knownRegions = (
				en,
				Base,
			);
			mainGroup = A56C90322B197B85000E5E2C;
			productRefGroup = A56C903C2B197B85000E5E2C /* Products */;
			projectDirPath = "";
			projectRoot = "";
			targets = (
				A56C903A2B197B85000E5E2C /* DimzPokeDex */,
			);
		};
/* End PBXProject section */

/* Begin PBXResourcesBuildPhase section */
		A56C90392B197B85000E5E2C /* Resources */ = {
			isa = PBXResourcesBuildPhase;
			buildActionMask = 2147483647;
			files = (
				A56C904B2B197B86000E5E2C /* LaunchScreen.storyboard in Resources */,
				A56C90482B197B86000E5E2C /* Assets.xcassets in Resources */,
			);
			runOnlyForDeploymentPostprocessing = 0;
		};
/* End PBXResourcesBuildPhase section */

/* Begin PBXShellScriptBuildPhase section */
		9B550A7A74D8C808F1348F1C /* [CP] Embed Pods Frameworks */ = {
			isa = PBXShellScriptBuildPhase;
			buildActionMask = 2147483647;
			files = (
			);
			inputFileListPaths = (
				"${PODS_ROOT}/Target Support Files/Pods-DimzPokeDex/Pods-DimzPokeDex-frameworks-${CONFIGURATION}-input-files.xcfilelist",
			);
			name = "[CP] Embed Pods Frameworks";
			outputFileListPaths = (
				"${PODS_ROOT}/Target Support Files/Pods-DimzPokeDex/Pods-DimzPokeDex-frameworks-${CONFIGURATION}-output-files.xcfilelist",
			);
			runOnlyForDeploymentPostprocessing = 0;
			shellPath = /bin/sh;
			shellScript = "\"${PODS_ROOT}/Target Support Files/Pods-DimzPokeDex/Pods-DimzPokeDex-frameworks.sh\"\n";
			showEnvVarsInLog = 0;
		};
		F0C8A2D45D288FBECBC641F3 /* [CP] Check Pods Manifest.lock */ = {
			isa = PBXShellScriptBuildPhase;
			buildActionMask = 2147483647;
			files = (
			);
			inputFileListPaths = (
			);
			inputPaths = (
				"${PODS_PODFILE_DIR_PATH}/Podfile.lock",
				"${PODS_ROOT}/Manifest.lock",
			);
			name = "[CP] Check Pods Manifest.lock";
			outputFileListPaths = (
			);
			outputPaths = (
				"$(DERIVED_FILE_DIR)/Pods-DimzPokeDex-checkManifestLockResult.txt",
			);
			runOnlyForDeploymentPostprocessing = 0;
			shellPath = /bin/sh;
			shellScript = "diff \"${PODS_PODFILE_DIR_PATH}/Podfile.lock\" \"${PODS_ROOT}/Manifest.lock\" > /dev/null\nif [ $? != 0 ] ; then\n    # print error to STDERR\n    echo \"error: The sandbox is not in sync with the Podfile.lock. Run 'pod install' or update your CocoaPods installation.\" >&2\n    exit 1\nfi\n# This output is used by Xcode 'outputs' to avoid re-running this script phase.\necho \"SUCCESS\" > \"${SCRIPT_OUTPUT_FILE_0}\"\n";
			showEnvVarsInLog = 0;
		};
/* End PBXShellScriptBuildPhase section */

/* Begin PBXSourcesBuildPhase section */
		A56C90372B197B85000E5E2C /* Sources */ = {
			isa = PBXSourcesBuildPhase;
			buildActionMask = 2147483647;
			files = (
				A56C90432B197B85000E5E2C /* ViewController.swift in Sources */,
				A56C903F2B197B85000E5E2C /* AppDelegate.swift in Sources */,
				A56C90592B197DCA000E5E2C /* Network.swift in Sources */,
				A56C905B2B198060000E5E2C /* NetworkModel.swift in Sources */,
				A56C90412B197B85000E5E2C /* SceneDelegate.swift in Sources */,
			);
			runOnlyForDeploymentPostprocessing = 0;
		};
/* End PBXSourcesBuildPhase section */

/* Begin PBXVariantGroup section */
		A56C90492B197B86000E5E2C /* LaunchScreen.storyboard */ = {
			isa = PBXVariantGroup;
			children = (
				A56C904A2B197B86000E5E2C /* Base */,
			);
			name = LaunchScreen.storyboard;
			sourceTree = "<group>";
		};
/* End PBXVariantGroup section */

/* Begin XCBuildConfiguration section */
		A56C904D2B197B86000E5E2C /* Debug */ = {
			isa = XCBuildConfiguration;
			buildSettings = {
				ALWAYS_SEARCH_USER_PATHS = NO;
				ASSETCATALOG_COMPILER_GENERATE_SWIFT_ASSET_SYMBOL_EXTENSIONS = YES;
				CLANG_ANALYZER_NONNULL = YES;
				CLANG_ANALYZER_NUMBER_OBJECT_CONVERSION = YES_AGGRESSIVE;
				CLANG_CXX_LANGUAGE_STANDARD = "gnu++20";
				CLANG_ENABLE_MODULES = YES;
				CLANG_ENABLE_OBJC_ARC = YES;
				CLANG_ENABLE_OBJC_WEAK = YES;
				CLANG_WARN_BLOCK_CAPTURE_AUTORELEASING = YES;
				CLANG_WARN_BOOL_CONVERSION = YES;
				CLANG_WARN_COMMA = YES;
				CLANG_WARN_CONSTANT_CONVERSION = YES;
				CLANG_WARN_DEPRECATED_OBJC_IMPLEMENTATIONS = YES;
				CLANG_WARN_DIRECT_OBJC_ISA_USAGE = YES_ERROR;
				CLANG_WARN_DOCUMENTATION_COMMENTS = YES;
				CLANG_WARN_EMPTY_BODY = YES;
				CLANG_WARN_ENUM_CONVERSION = YES;
				CLANG_WARN_INFINITE_RECURSION = YES;
				CLANG_WARN_INT_CONVERSION = YES;
				CLANG_WARN_NON_LITERAL_NULL_CONVERSION = YES;
				CLANG_WARN_OBJC_IMPLICIT_RETAIN_SELF = YES;
				CLANG_WARN_OBJC_LITERAL_CONVERSION = YES;
				CLANG_WARN_OBJC_ROOT_CLASS = YES_ERROR;
				CLANG_WARN_QUOTED_INCLUDE_IN_FRAMEWORK_HEADER = YES;
				CLANG_WARN_RANGE_LOOP_ANALYSIS = YES;
				CLANG_WARN_STRICT_PROTOTYPES = YES;
				CLANG_WARN_SUSPICIOUS_MOVE = YES;
				CLANG_WARN_UNGUARDED_AVAILABILITY = YES_AGGRESSIVE;
				CLANG_WARN_UNREACHABLE_CODE = YES;
				CLANG_WARN__DUPLICATE_METHOD_MATCH = YES;
				COPY_PHASE_STRIP = NO;
				DEBUG_INFORMATION_FORMAT = dwarf;
				ENABLE_STRICT_OBJC_MSGSEND = YES;
				ENABLE_TESTABILITY = YES;
				ENABLE_USER_SCRIPT_SANDBOXING = YES;
				GCC_C_LANGUAGE_STANDARD = gnu17;
				GCC_DYNAMIC_NO_PIC = NO;
				GCC_NO_COMMON_BLOCKS = YES;
				GCC_OPTIMIZATION_LEVEL = 0;
				GCC_PREPROCESSOR_DEFINITIONS = (
					"DEBUG=1",
					"$(inherited)",
				);
				GCC_WARN_64_TO_32_BIT_CONVERSION = YES;
				GCC_WARN_ABOUT_RETURN_TYPE = YES_ERROR;
				GCC_WARN_UNDECLARED_SELECTOR = YES;
				GCC_WARN_UNINITIALIZED_AUTOS = YES_AGGRESSIVE;
				GCC_WARN_UNUSED_FUNCTION = YES;
				GCC_WARN_UNUSED_VARIABLE = YES;
				IPHONEOS_DEPLOYMENT_TARGET = 17.0;
				LOCALIZATION_PREFERS_STRING_CATALOGS = YES;
				MTL_ENABLE_DEBUG_INFO = INCLUDE_SOURCE;
				MTL_FAST_MATH = YES;
				ONLY_ACTIVE_ARCH = YES;
				SDKROOT = iphoneos;
				SWIFT_ACTIVE_COMPILATION_CONDITIONS = "DEBUG $(inherited)";
				SWIFT_OPTIMIZATION_LEVEL = "-Onone";
			};
			name = Debug;
		};
		A56C904E2B197B86000E5E2C /* Release */ = {
			isa = XCBuildConfiguration;
			buildSettings = {
				ALWAYS_SEARCH_USER_PATHS = NO;
				ASSETCATALOG_COMPILER_GENERATE_SWIFT_ASSET_SYMBOL_EXTENSIONS = YES;
				CLANG_ANALYZER_NONNULL = YES;
				CLANG_ANALYZER_NUMBER_OBJECT_CONVERSION = YES_AGGRESSIVE;
				CLANG_CXX_LANGUAGE_STANDARD = "gnu++20";
				CLANG_ENABLE_MODULES = YES;
				CLANG_ENABLE_OBJC_ARC = YES;
				CLANG_ENABLE_OBJC_WEAK = YES;
				CLANG_WARN_BLOCK_CAPTURE_AUTORELEASING = YES;
				CLANG_WARN_BOOL_CONVERSION = YES;
				CLANG_WARN_COMMA = YES;
				CLANG_WARN_CONSTANT_CONVERSION = YES;
				CLANG_WARN_DEPRECATED_OBJC_IMPLEMENTATIONS = YES;
				CLANG_WARN_DIRECT_OBJC_ISA_USAGE = YES_ERROR;
				CLANG_WARN_DOCUMENTATION_COMMENTS = YES;
				CLANG_WARN_EMPTY_BODY = YES;
				CLANG_WARN_ENUM_CONVERSION = YES;
				CLANG_WARN_INFINITE_RECURSION = YES;
				CLANG_WARN_INT_CONVERSION = YES;
				CLANG_WARN_NON_LITERAL_NULL_CONVERSION = YES;
				CLANG_WARN_OBJC_IMPLICIT_RETAIN_SELF = YES;
				CLANG_WARN_OBJC_LITERAL_CONVERSION = YES;
				CLANG_WARN_OBJC_ROOT_CLASS = YES_ERROR;
				CLANG_WARN_QUOTED_INCLUDE_IN_FRAMEWORK_HEADER = YES;
				CLANG_WARN_RANGE_LOOP_ANALYSIS = YES;
				CLANG_WARN_STRICT_PROTOTYPES = YES;
				CLANG_WARN_SUSPICIOUS_MOVE = YES;
				CLANG_WARN_UNGUARDED_AVAILABILITY = YES_AGGRESSIVE;
				CLANG_WARN_UNREACHABLE_CODE = YES;
				CLANG_WARN__DUPLICATE_METHOD_MATCH = YES;
				COPY_PHASE_STRIP = NO;
				DEBUG_INFORMATION_FORMAT = "dwarf-with-dsym";
				ENABLE_NS_ASSERTIONS = NO;
				ENABLE_STRICT_OBJC_MSGSEND = YES;
				ENABLE_USER_SCRIPT_SANDBOXING = YES;
				GCC_C_LANGUAGE_STANDARD = gnu17;
				GCC_NO_COMMON_BLOCKS = YES;
				GCC_WARN_64_TO_32_BIT_CONVERSION = YES;
				GCC_WARN_ABOUT_RETURN_TYPE = YES_ERROR;
				GCC_WARN_UNDECLARED_SELECTOR = YES;
				GCC_WARN_UNINITIALIZED_AUTOS = YES_AGGRESSIVE;
				GCC_WARN_UNUSED_FUNCTION = YES;
				GCC_WARN_UNUSED_VARIABLE = YES;
				IPHONEOS_DEPLOYMENT_TARGET = 17.0;
				LOCALIZATION_PREFERS_STRING_CATALOGS = YES;
				MTL_ENABLE_DEBUG_INFO = NO;
				MTL_FAST_MATH = YES;
				SDKROOT = iphoneos;
				SWIFT_COMPILATION_MODE = wholemodule;
				VALIDATE_PRODUCT = YES;
			};
			name = Release;
		};
		A56C90502B197B86000E5E2C /* Debug */ = {
			isa = XCBuildConfiguration;
			baseConfigurationReference = 237C0A0D9E0148FDFEE8FE6F /* Pods-DimzPokeDex.debug.xcconfig */;
			buildSettings = {
				ASSETCATALOG_COMPILER_APPICON_NAME = AppIcon;
				ASSETCATALOG_COMPILER_GLOBAL_ACCENT_COLOR_NAME = AccentColor;
				CODE_SIGN_STYLE = Automatic;
				CURRENT_PROJECT_VERSION = 1;
				DEVELOPMENT_TEAM = 75VHUVZJF4;
				ENABLE_USER_SCRIPT_SANDBOXING = NO;
				GENERATE_INFOPLIST_FILE = YES;
				INFOPLIST_FILE = DimzPokeDex/Info.plist;
				INFOPLIST_KEY_UIApplicationSupportsIndirectInputEvents = YES;
				INFOPLIST_KEY_UILaunchStoryboardName = LaunchScreen;
				INFOPLIST_KEY_UISupportedInterfaceOrientations_iPad = "UIInterfaceOrientationPortrait UIInterfaceOrientationPortraitUpsideDown UIInterfaceOrientationLandscapeLeft UIInterfaceOrientationLandscapeRight";
				INFOPLIST_KEY_UISupportedInterfaceOrientations_iPhone = "UIInterfaceOrientationPortrait UIInterfaceOrientationLandscapeLeft UIInterfaceOrientationLandscapeRight";
				LD_RUNPATH_SEARCH_PATHS = (
					"$(inherited)",
					"@executable_path/Frameworks",
				);
				MARKETING_VERSION = 1.0;
				PRODUCT_BUNDLE_IDENTIFIER = Dimas.DimzPokeDex;
				PRODUCT_NAME = "$(TARGET_NAME)";
				SWIFT_EMIT_LOC_STRINGS = YES;
				SWIFT_VERSION = 5.0;
				TARGETED_DEVICE_FAMILY = "1,2";
			};
			name = Debug;
		};
		A56C90512B197B86000E5E2C /* Release */ = {
			isa = XCBuildConfiguration;
			baseConfigurationReference = C7F79554554154F3DACD0C06 /* Pods-DimzPokeDex.release.xcconfig */;
			buildSettings = {
				ASSETCATALOG_COMPILER_APPICON_NAME = AppIcon;
				ASSETCATALOG_COMPILER_GLOBAL_ACCENT_COLOR_NAME = AccentColor;
				CODE_SIGN_STYLE = Automatic;
				CURRENT_PROJECT_VERSION = 1;
				DEVELOPMENT_TEAM = 75VHUVZJF4;
				ENABLE_USER_SCRIPT_SANDBOXING = NO;
				GENERATE_INFOPLIST_FILE = YES;
				INFOPLIST_FILE = DimzPokeDex/Info.plist;
				INFOPLIST_KEY_UIApplicationSupportsIndirectInputEvents = YES;
				INFOPLIST_KEY_UILaunchStoryboardName = LaunchScreen;
				INFOPLIST_KEY_UISupportedInterfaceOrientations_iPad = "UIInterfaceOrientationPortrait UIInterfaceOrientationPortraitUpsideDown UIInterfaceOrientationLandscapeLeft UIInterfaceOrientationLandscapeRight";
				INFOPLIST_KEY_UISupportedInterfaceOrientations_iPhone = "UIInterfaceOrientationPortrait UIInterfaceOrientationLandscapeLeft UIInterfaceOrientationLandscapeRight";
				LD_RUNPATH_SEARCH_PATHS = (
					"$(inherited)",
					"@executable_path/Frameworks",
				);
				MARKETING_VERSION = 1.0;
				PRODUCT_BUNDLE_IDENTIFIER = Dimas.DimzPokeDex;
				PRODUCT_NAME = "$(TARGET_NAME)";
				SWIFT_EMIT_LOC_STRINGS = YES;
				SWIFT_VERSION = 5.0;
				TARGETED_DEVICE_FAMILY = "1,2";
			};
			name = Release;
		};
/* End XCBuildConfiguration section */

/* Begin XCConfigurationList section */
		A56C90362B197B85000E5E2C /* Build configuration list for PBXProject "DimzPokeDex" */ = {
			isa = XCConfigurationList;
			buildConfigurations = (
				A56C904D2B197B86000E5E2C /* Debug */,
				A56C904E2B197B86000E5E2C /* Release */,
			);
			defaultConfigurationIsVisible = 0;
			defaultConfigurationName = Release;
		};
		A56C904F2B197B86000E5E2C /* Build configuration list for PBXNativeTarget "DimzPokeDex" */ = {
			isa = XCConfigurationList;
			buildConfigurations = (
				A56C90502B197B86000E5E2C /* Debug */,
				A56C90512B197B86000E5E2C /* Release */,
			);
			defaultConfigurationIsVisible = 0;
			defaultConfigurationName = Release;
		};
/* End XCConfigurationList section */
	};
	rootObject = A56C90332B197B85000E5E2C /* Project object */;
}
